// !$*UTF8*$!
{
	archiveVersion = 1;
	classes = {
	};
	objectVersion = 46;
	objects = {

/* Begin PBXBuildFile section */
		6AF1059902D696E5B9C5FF81 /* libPods.a in Frameworks */ = {isa = PBXBuildFile; fileRef = 112D15D27AE583BCA06B076D /* libPods.a */; };
		741555861AB6011600B0F14E /* SCISProgramTableViewController.m in Sources */ = {isa = PBXBuildFile; fileRef = 741555851AB6011600B0F14E /* SCISProgramTableViewController.m */; };
		7415558D1AB601BC00B0F14E /* WebServices.m in Sources */ = {isa = PBXBuildFile; fileRef = 7415558C1AB601BC00B0F14E /* WebServices.m */; };
		741555921AB60D4A00B0F14E /* ScisProgram.m in Sources */ = {isa = PBXBuildFile; fileRef = 741555911AB60D4A00B0F14E /* ScisProgram.m */; };
		741555951AB618C500B0F14E /* SCISCourseTableViewController.m in Sources */ = {isa = PBXBuildFile; fileRef = 741555941AB618C500B0F14E /* SCISCourseTableViewController.m */; };
		741555981AB6199000B0F14E /* ScisCourse.m in Sources */ = {isa = PBXBuildFile; fileRef = 741555971AB6199000B0F14E /* ScisCourse.m */; };
		7415559B1AB61EA800B0F14E /* CourseDetailViewController.m in Sources */ = {isa = PBXBuildFile; fileRef = 7415559A1AB61EA800B0F14E /* CourseDetailViewController.m */; };
		742AB0C91AACFABB00C01ED9 /* main.m in Sources */ = {isa = PBXBuildFile; fileRef = 742AB0C81AACFABB00C01ED9 /* main.m */; };
		742AB0CC1AACFABB00C01ED9 /* AppDelegate.m in Sources */ = {isa = PBXBuildFile; fileRef = 742AB0CB1AACFABB00C01ED9 /* AppDelegate.m */; };
		742AB0D21AACFABB00C01ED9 /* Main.storyboard in Resources */ = {isa = PBXBuildFile; fileRef = 742AB0D01AACFABB00C01ED9 /* Main.storyboard */; };
		742AB0D41AACFABB00C01ED9 /* Images.xcassets in Resources */ = {isa = PBXBuildFile; fileRef = 742AB0D31AACFABB00C01ED9 /* Images.xcassets */; };
		742AB0D71AACFABB00C01ED9 /* LaunchScreen.xib in Resources */ = {isa = PBXBuildFile; fileRef = 742AB0D51AACFABB00C01ED9 /* LaunchScreen.xib */; };
		742AB0E31AACFABB00C01ED9 /* MSSE652_iOSProjectTests.m in Sources */ = {isa = PBXBuildFile; fileRef = 742AB0E21AACFABB00C01ED9 /* MSSE652_iOSProjectTests.m */; };
/* End PBXBuildFile section */

/* Begin PBXContainerItemProxy section */
		742AB0DD1AACFABB00C01ED9 /* PBXContainerItemProxy */ = {
			isa = PBXContainerItemProxy;
			containerPortal = 742AB0BB1AACFABB00C01ED9 /* Project object */;
			proxyType = 1;
			remoteGlobalIDString = 742AB0C21AACFABB00C01ED9;
			remoteInfo = "MSSE652-iOSProject";
		};
/* End PBXContainerItemProxy section */

/* Begin PBXFileReference section */
		112D15D27AE583BCA06B076D /* libPods.a */ = {isa = PBXFileReference; explicitFileType = archive.ar; includeInIndex = 0; path = libPods.a; sourceTree = BUILT_PRODUCTS_DIR; };
		236F77DB720D3C00BCA0644F /* Pods.release.xcconfig */ = {isa = PBXFileReference; includeInIndex = 1; lastKnownFileType = text.xcconfig; name = Pods.release.xcconfig; path = "Pods/Target Support Files/Pods/Pods.release.xcconfig"; sourceTree = "<group>"; };
		741555841AB6011600B0F14E /* SCISProgramTableViewController.h */ = {isa = PBXFileReference; fileEncoding = 4; lastKnownFileType = sourcecode.c.h; path = SCISProgramTableViewController.h; sourceTree = "<group>"; };
		741555851AB6011600B0F14E /* SCISProgramTableViewController.m */ = {isa = PBXFileReference; fileEncoding = 4; lastKnownFileType = sourcecode.c.objc; path = SCISProgramTableViewController.m; sourceTree = "<group>"; };
		7415558B1AB601BC00B0F14E /* WebServices.h */ = {isa = PBXFileReference; fileEncoding = 4; lastKnownFileType = sourcecode.c.h; path = WebServices.h; sourceTree = "<group>"; };
		7415558C1AB601BC00B0F14E /* WebServices.m */ = {isa = PBXFileReference; fileEncoding = 4; lastKnownFileType = sourcecode.c.objc; path = WebServices.m; sourceTree = "<group>"; };
		7415558E1AB6043300B0F14E /* Constants.h */ = {isa = PBXFileReference; lastKnownFileType = sourcecode.c.h; path = Constants.h; sourceTree = "<group>"; };
		741555901AB60D4A00B0F14E /* ScisProgram.h */ = {isa = PBXFileReference; fileEncoding = 4; lastKnownFileType = sourcecode.c.h; path = ScisProgram.h; sourceTree = "<group>"; };
		741555911AB60D4A00B0F14E /* ScisProgram.m */ = {isa = PBXFileReference; fileEncoding = 4; lastKnownFileType = sourcecode.c.objc; path = ScisProgram.m; sourceTree = "<group>"; };
		741555931AB618C500B0F14E /* SCISCourseTableViewController.h */ = {isa = PBXFileReference; fileEncoding = 4; lastKnownFileType = sourcecode.c.h; path = SCISCourseTableViewController.h; sourceTree = "<group>"; };
		741555941AB618C500B0F14E /* SCISCourseTableViewController.m */ = {isa = PBXFileReference; fileEncoding = 4; lastKnownFileType = sourcecode.c.objc; path = SCISCourseTableViewController.m; sourceTree = "<group>"; };
		741555961AB6199000B0F14E /* ScisCourse.h */ = {isa = PBXFileReference; fileEncoding = 4; lastKnownFileType = sourcecode.c.h; path = ScisCourse.h; sourceTree = "<group>"; };
		741555971AB6199000B0F14E /* ScisCourse.m */ = {isa = PBXFileReference; fileEncoding = 4; lastKnownFileType = sourcecode.c.objc; path = ScisCourse.m; sourceTree = "<group>"; };
		741555991AB61EA800B0F14E /* CourseDetailViewController.h */ = {isa = PBXFileReference; fileEncoding = 4; lastKnownFileType = sourcecode.c.h; path = CourseDetailViewController.h; sourceTree = "<group>"; };
		7415559A1AB61EA800B0F14E /* CourseDetailViewController.m */ = {isa = PBXFileReference; fileEncoding = 4; lastKnownFileType = sourcecode.c.objc; path = CourseDetailViewController.m; sourceTree = "<group>"; };
		742AB0C31AACFABB00C01ED9 /* MSSE652-iOSProject.app */ = {isa = PBXFileReference; explicitFileType = wrapper.application; includeInIndex = 0; path = "MSSE652-iOSProject.app"; sourceTree = BUILT_PRODUCTS_DIR; };
		742AB0C71AACFABB00C01ED9 /* Info.plist */ = {isa = PBXFileReference; lastKnownFileType = text.plist.xml; path = Info.plist; sourceTree = "<group>"; };
		742AB0C81AACFABB00C01ED9 /* main.m */ = {isa = PBXFileReference; lastKnownFileType = sourcecode.c.objc; path = main.m; sourceTree = "<group>"; };
		742AB0CA1AACFABB00C01ED9 /* AppDelegate.h */ = {isa = PBXFileReference; lastKnownFileType = sourcecode.c.h; path = AppDelegate.h; sourceTree = "<group>"; };
		742AB0CB1AACFABB00C01ED9 /* AppDelegate.m */ = {isa = PBXFileReference; lastKnownFileType = sourcecode.c.objc; path = AppDelegate.m; sourceTree = "<group>"; };
		742AB0D11AACFABB00C01ED9 /* Base */ = {isa = PBXFileReference; lastKnownFileType = file.storyboard; name = Base; path = Base.lproj/Main.storyboard; sourceTree = "<group>"; };
		742AB0D31AACFABB00C01ED9 /* Images.xcassets */ = {isa = PBXFileReference; lastKnownFileType = folder.assetcatalog; path = Images.xcassets; sourceTree = "<group>"; };
		742AB0D61AACFABB00C01ED9 /* Base */ = {isa = PBXFileReference; lastKnownFileType = file.xib; name = Base; path = Base.lproj/LaunchScreen.xib; sourceTree = "<group>"; };
		742AB0DC1AACFABB00C01ED9 /* MSSE652-iOSProjectTests.xctest */ = {isa = PBXFileReference; explicitFileType = wrapper.cfbundle; includeInIndex = 0; path = "MSSE652-iOSProjectTests.xctest"; sourceTree = BUILT_PRODUCTS_DIR; };
		742AB0E11AACFABB00C01ED9 /* Info.plist */ = {isa = PBXFileReference; lastKnownFileType = text.plist.xml; path = Info.plist; sourceTree = "<group>"; };
		742AB0E21AACFABB00C01ED9 /* MSSE652_iOSProjectTests.m */ = {isa = PBXFileReference; lastKnownFileType = sourcecode.c.objc; path = MSSE652_iOSProjectTests.m; sourceTree = "<group>"; };
		84AFE31470956252BED70641 /* Pods.debug.xcconfig */ = {isa = PBXFileReference; includeInIndex = 1; lastKnownFileType = text.xcconfig; name = Pods.debug.xcconfig; path = "Pods/Target Support Files/Pods/Pods.debug.xcconfig"; sourceTree = "<group>"; };
/* End PBXFileReference section */

/* Begin PBXFrameworksBuildPhase section */
		742AB0C01AACFABB00C01ED9 /* Frameworks */ = {
			isa = PBXFrameworksBuildPhase;
			buildActionMask = 2147483647;
			files = (
				6AF1059902D696E5B9C5FF81 /* libPods.a in Frameworks */,
			);
			runOnlyForDeploymentPostprocessing = 0;
		};
		742AB0D91AACFABB00C01ED9 /* Frameworks */ = {
			isa = PBXFrameworksBuildPhase;
			buildActionMask = 2147483647;
			files = (
			);
			runOnlyForDeploymentPostprocessing = 0;
		};
/* End PBXFrameworksBuildPhase section */

/* Begin PBXGroup section */
		4319D9A1AC74D9F74ACE447D /* Frameworks */ = {
			isa = PBXGroup;
			children = (
				112D15D27AE583BCA06B076D /* libPods.a */,
			);
			name = Frameworks;
			sourceTree = "<group>";
		};
		741555871AB6011F00B0F14E /* Web Services */ = {
			isa = PBXGroup;
			children = (
				7415558B1AB601BC00B0F14E /* WebServices.h */,
				7415558C1AB601BC00B0F14E /* WebServices.m */,
			);
			name = "Web Services";
			sourceTree = "<group>";
		};
		7415558F1AB60D3C00B0F14E /* Models */ = {
			isa = PBXGroup;
			children = (
				741555901AB60D4A00B0F14E /* ScisProgram.h */,
				741555911AB60D4A00B0F14E /* ScisProgram.m */,
				741555961AB6199000B0F14E /* ScisCourse.h */,
				741555971AB6199000B0F14E /* ScisCourse.m */,
			);
			name = Models;
			sourceTree = "<group>";
		};
		742AB0BA1AACFABB00C01ED9 = {
			isa = PBXGroup;
			children = (
				742AB0C51AACFABB00C01ED9 /* MSSE652-iOSProject */,
				742AB0DF1AACFABB00C01ED9 /* MSSE652-iOSProjectTests */,
				742AB0C41AACFABB00C01ED9 /* Products */,
				8FC249BA0DCB2FBCC550F1DE /* Pods */,
				4319D9A1AC74D9F74ACE447D /* Frameworks */,
			);
			sourceTree = "<group>";
		};
		742AB0C41AACFABB00C01ED9 /* Products */ = {
			isa = PBXGroup;
			children = (
				742AB0C31AACFABB00C01ED9 /* MSSE652-iOSProject.app */,
				742AB0DC1AACFABB00C01ED9 /* MSSE652-iOSProjectTests.xctest */,
			);
			name = Products;
			sourceTree = "<group>";
		};
		742AB0C51AACFABB00C01ED9 /* MSSE652-iOSProject */ = {
			isa = PBXGroup;
			children = (
				7415558E1AB6043300B0F14E /* Constants.h */,
				7415558F1AB60D3C00B0F14E /* Models */,
				741555871AB6011F00B0F14E /* Web Services */,
				FAFCF62D1AAD58ED00610148 /* ViewControllers */,
				742AB0CA1AACFABB00C01ED9 /* AppDelegate.h */,
				742AB0CB1AACFABB00C01ED9 /* AppDelegate.m */,
				742AB0D01AACFABB00C01ED9 /* Main.storyboard */,
				742AB0D31AACFABB00C01ED9 /* Images.xcassets */,
				742AB0D51AACFABB00C01ED9 /* LaunchScreen.xib */,
				742AB0C61AACFABB00C01ED9 /* Supporting Files */,
			);
			path = "MSSE652-iOSProject";
			sourceTree = "<group>";
		};
		742AB0C61AACFABB00C01ED9 /* Supporting Files */ = {
			isa = PBXGroup;
			children = (
				742AB0C71AACFABB00C01ED9 /* Info.plist */,
				742AB0C81AACFABB00C01ED9 /* main.m */,
			);
			name = "Supporting Files";
			sourceTree = "<group>";
		};
		742AB0DF1AACFABB00C01ED9 /* MSSE652-iOSProjectTests */ = {
			isa = PBXGroup;
			children = (
				742AB0E21AACFABB00C01ED9 /* MSSE652_iOSProjectTests.m */,
				742AB0E01AACFABB00C01ED9 /* Supporting Files */,
			);
			path = "MSSE652-iOSProjectTests";
			sourceTree = "<group>";
		};
		742AB0E01AACFABB00C01ED9 /* Supporting Files */ = {
			isa = PBXGroup;
			children = (
				742AB0E11AACFABB00C01ED9 /* Info.plist */,
			);
			name = "Supporting Files";
			sourceTree = "<group>";
		};
		8FC249BA0DCB2FBCC550F1DE /* Pods */ = {
			isa = PBXGroup;
			children = (
				84AFE31470956252BED70641 /* Pods.debug.xcconfig */,
				236F77DB720D3C00BCA0644F /* Pods.release.xcconfig */,
			);
			name = Pods;
			sourceTree = "<group>";
		};
		FAFCF62D1AAD58ED00610148 /* ViewControllers */ = {
			isa = PBXGroup;
			children = (
				741555841AB6011600B0F14E /* SCISProgramTableViewController.h */,
				741555851AB6011600B0F14E /* SCISProgramTableViewController.m */,
				741555931AB618C500B0F14E /* SCISCourseTableViewController.h */,
				741555941AB618C500B0F14E /* SCISCourseTableViewController.m */,
				741555991AB61EA800B0F14E /* CourseDetailViewController.h */,
				7415559A1AB61EA800B0F14E /* CourseDetailViewController.m */,
			);
			name = ViewControllers;
			sourceTree = "<group>";
		};
/* End PBXGroup section */

/* Begin PBXNativeTarget section */
		742AB0C21AACFABB00C01ED9 /* MSSE652-iOSProject */ = {
			isa = PBXNativeTarget;
			buildConfigurationList = 742AB0E61AACFABB00C01ED9 /* Build configuration list for PBXNativeTarget "MSSE652-iOSProject" */;
			buildPhases = (
				E0EE17D7B879EDC7582893C8 /* Check Pods Manifest.lock */,
				742AB0BF1AACFABB00C01ED9 /* Sources */,
				742AB0C01AACFABB00C01ED9 /* Frameworks */,
				742AB0C11AACFABB00C01ED9 /* Resources */,
				A1F329E6E596ED567D793A98 /* Copy Pods Resources */,
			);
			buildRules = (
			);
			dependencies = (
			);
			name = "MSSE652-iOSProject";
			productName = "MSSE652-iOSProject";
			productReference = 742AB0C31AACFABB00C01ED9 /* MSSE652-iOSProject.app */;
			productType = "com.apple.product-type.application";
		};
		742AB0DB1AACFABB00C01ED9 /* MSSE652-iOSProjectTests */ = {
			isa = PBXNativeTarget;
			buildConfigurationList = 742AB0E91AACFABB00C01ED9 /* Build configuration list for PBXNativeTarget "MSSE652-iOSProjectTests" */;
			buildPhases = (
				742AB0D81AACFABB00C01ED9 /* Sources */,
				742AB0D91AACFABB00C01ED9 /* Frameworks */,
				742AB0DA1AACFABB00C01ED9 /* Resources */,
			);
			buildRules = (
			);
			dependencies = (
				742AB0DE1AACFABB00C01ED9 /* PBXTargetDependency */,
			);
			name = "MSSE652-iOSProjectTests";
			productName = "MSSE652-iOSProjectTests";
			productReference = 742AB0DC1AACFABB00C01ED9 /* MSSE652-iOSProjectTests.xctest */;
			productType = "com.apple.product-type.bundle.unit-test";
		};
/* End PBXNativeTarget section */

/* Begin PBXProject section */
		742AB0BB1AACFABB00C01ED9 /* Project object */ = {
			isa = PBXProject;
			attributes = {
				LastUpgradeCheck = 0610;
				ORGANIZATIONNAME = "Taylor Frey";
				TargetAttributes = {
					742AB0C21AACFABB00C01ED9 = {
						CreatedOnToolsVersion = 6.1.1;
					};
					742AB0DB1AACFABB00C01ED9 = {
						CreatedOnToolsVersion = 6.1.1;
						TestTargetID = 742AB0C21AACFABB00C01ED9;
					};
				};
			};
			buildConfigurationList = 742AB0BE1AACFABB00C01ED9 /* Build configuration list for PBXProject "MSSE652-iOSProject" */;
			compatibilityVersion = "Xcode 3.2";
			developmentRegion = English;
			hasScannedForEncodings = 0;
			knownRegions = (
				en,
				Base,
			);
			mainGroup = 742AB0BA1AACFABB00C01ED9;
			productRefGroup = 742AB0C41AACFABB00C01ED9 /* Products */;
			projectDirPath = "";
			projectRoot = "";
			targets = (
				742AB0C21AACFABB00C01ED9 /* MSSE652-iOSProject */,
				742AB0DB1AACFABB00C01ED9 /* MSSE652-iOSProjectTests */,
			);
		};
/* End PBXProject section */

/* Begin PBXResourcesBuildPhase section */
		742AB0C11AACFABB00C01ED9 /* Resources */ = {
			isa = PBXResourcesBuildPhase;
			buildActionMask = 2147483647;
			files = (
				742AB0D21AACFABB00C01ED9 /* Main.storyboard in Resources */,
				742AB0D71AACFABB00C01ED9 /* LaunchScreen.xib in Resources */,
				742AB0D41AACFABB00C01ED9 /* Images.xcassets in Resources */,
			);
			runOnlyForDeploymentPostprocessing = 0;
		};
		742AB0DA1AACFABB00C01ED9 /* Resources */ = {
			isa = PBXResourcesBuildPhase;
			buildActionMask = 2147483647;
			files = (
			);
			runOnlyForDeploymentPostprocessing = 0;
		};
/* End PBXResourcesBuildPhase section */

/* Begin PBXShellScriptBuildPhase section */
		A1F329E6E596ED567D793A98 /* Copy Pods Resources */ = {
			isa = PBXShellScriptBuildPhase;
			buildActionMask = 2147483647;
			files = (
			);
			inputPaths = (
			);
			name = "Copy Pods Resources";
			outputPaths = (
			);
			runOnlyForDeploymentPostprocessing = 0;
			shellPath = /bin/sh;
			shellScript = "\"${SRCROOT}/Pods/Target Support Files/Pods/Pods-resources.sh\"\n";
			showEnvVarsInLog = 0;
		};
		E0EE17D7B879EDC7582893C8 /* Check Pods Manifest.lock */ = {
			isa = PBXShellScriptBuildPhase;
			buildActionMask = 2147483647;
			files = (
			);
			inputPaths = (
			);
			name = "Check Pods Manifest.lock";
			outputPaths = (
			);
			runOnlyForDeploymentPostprocessing = 0;
			shellPath = /bin/sh;
			shellScript = "diff \"${PODS_ROOT}/../Podfile.lock\" \"${PODS_ROOT}/Manifest.lock\" > /dev/null\nif [[ $? != 0 ]] ; then\n    cat << EOM\nerror: The sandbox is not in sync with the Podfile.lock. Run 'pod install' or update your CocoaPods installation.\nEOM\n    exit 1\nfi\n";
			showEnvVarsInLog = 0;
		};
/* End PBXShellScriptBuildPhase section */

/* Begin PBXSourcesBuildPhase section */
		742AB0BF1AACFABB00C01ED9 /* Sources */ = {
			isa = PBXSourcesBuildPhase;
			buildActionMask = 2147483647;
			files = (
				742AB0CC1AACFABB00C01ED9 /* AppDelegate.m in Sources */,
				7415558D1AB601BC00B0F14E /* WebServices.m in Sources */,
				741555981AB6199000B0F14E /* ScisCourse.m in Sources */,
				7415559B1AB61EA800B0F14E /* CourseDetailViewController.m in Sources */,
				741555861AB6011600B0F14E /* SCISProgramTableViewController.m in Sources */,
				741555921AB60D4A00B0F14E /* ScisProgram.m in Sources */,
				741555951AB618C500B0F14E /* SCISCourseTableViewController.m in Sources */,
				742AB0C91AACFABB00C01ED9 /* main.m in Sources */,
			);
			runOnlyForDeploymentPostprocessing = 0;
		};
		742AB0D81AACFABB00C01ED9 /* Sources */ = {
			isa = PBXSourcesBuildPhase;
			buildActionMask = 2147483647;
			files = (
				742AB0E31AACFABB00C01ED9 /* MSSE652_iOSProjectTests.m in Sources */,
			);
			runOnlyForDeploymentPostprocessing = 0;
		};
/* End PBXSourcesBuildPhase section */

/* Begin PBXTargetDependency section */
		742AB0DE1AACFABB00C01ED9 /* PBXTargetDependency */ = {
			isa = PBXTargetDependency;
			target = 742AB0C21AACFABB00C01ED9 /* MSSE652-iOSProject */;
			targetProxy = 742AB0DD1AACFABB00C01ED9 /* PBXContainerItemProxy */;
		};
/* End PBXTargetDependency section */

/* Begin PBXVariantGroup section */
		742AB0D01AACFABB00C01ED9 /* Main.storyboard */ = {
			isa = PBXVariantGroup;
			children = (
				742AB0D11AACFABB00C01ED9 /* Base */,
			);
			name = Main.storyboard;
			sourceTree = "<group>";
		};
		742AB0D51AACFABB00C01ED9 /* LaunchScreen.xib */ = {
			isa = PBXVariantGroup;
			children = (
				742AB0D61AACFABB00C01ED9 /* Base */,
			);
			name = LaunchScreen.xib;
			sourceTree = "<group>";
		};
/* End PBXVariantGroup section */

/* Begin XCBuildConfiguration section */
		742AB0E41AACFABB00C01ED9 /* Debug */ = {
			isa = XCBuildConfiguration;
			buildSettings = {
				ALWAYS_SEARCH_USER_PATHS = NO;
				CLANG_CXX_LANGUAGE_STANDARD = "gnu++0x";
				CLANG_CXX_LIBRARY = "libc++";
				CLANG_ENABLE_MODULES = YES;
				CLANG_ENABLE_OBJC_ARC = YES;
				CLANG_WARN_BOOL_CONVERSION = YES;
				CLANG_WARN_CONSTANT_CONVERSION = YES;
				CLANG_WARN_DIRECT_OBJC_ISA_USAGE = YES_ERROR;
				CLANG_WARN_EMPTY_BODY = YES;
				CLANG_WARN_ENUM_CONVERSION = YES;
				CLANG_WARN_INT_CONVERSION = YES;
				CLANG_WARN_OBJC_ROOT_CLASS = YES_ERROR;
				CLANG_WARN_UNREACHABLE_CODE = YES;
				CLANG_WARN__DUPLICATE_METHOD_MATCH = YES;
				"CODE_SIGN_IDENTITY[sdk=iphoneos*]" = "iPhone Developer";
				COPY_PHASE_STRIP = NO;
				ENABLE_STRICT_OBJC_MSGSEND = YES;
				GCC_C_LANGUAGE_STANDARD = gnu99;
				GCC_DYNAMIC_NO_PIC = NO;
				GCC_OPTIMIZATION_LEVEL = 0;
				GCC_PREPROCESSOR_DEFINITIONS = (
					"DEBUG=1",
					"$(inherited)",
				);
				GCC_SYMBOLS_PRIVATE_EXTERN = NO;
				GCC_WARN_64_TO_32_BIT_CONVERSION = YES;
				GCC_WARN_ABOUT_RETURN_TYPE = YES_ERROR;
				GCC_WARN_UNDECLARED_SELECTOR = YES;
				GCC_WARN_UNINITIALIZED_AUTOS = YES_AGGRESSIVE;
				GCC_WARN_UNUSED_FUNCTION = YES;
				GCC_WARN_UNUSED_VARIABLE = YES;
				IPHONEOS_DEPLOYMENT_TARGET = 8.1;
				MTL_ENABLE_DEBUG_INFO = YES;
				ONLY_ACTIVE_ARCH = YES;
				SDKROOT = iphoneos;
			};
			name = Debug;
		};
		742AB0E51AACFABB00C01ED9 /* Release */ = {
			isa = XCBuildConfiguration;
			buildSettings = {
				ALWAYS_SEARCH_USER_PATHS = NO;
				CLANG_CXX_LANGUAGE_STANDARD = "gnu++0x";
				CLANG_CXX_LIBRARY = "libc++";
				CLANG_ENABLE_MODULES = YES;
				CLANG_ENABLE_OBJC_ARC = YES;
				CLANG_WARN_BOOL_CONVERSION = YES;
				CLANG_WARN_CONSTANT_CONVERSION = YES;
				CLANG_WARN_DIRECT_OBJC_ISA_USAGE = YES_ERROR;
				CLANG_WARN_EMPTY_BODY = YES;
				CLANG_WARN_ENUM_CONVERSION = YES;
				CLANG_WARN_INT_CONVERSION = YES;
				CLANG_WARN_OBJC_ROOT_CLASS = YES_ERROR;
				CLANG_WARN_UNREACHABLE_CODE = YES;
				CLANG_WARN__DUPLICATE_METHOD_MATCH = YES;
				"CODE_SIGN_IDENTITY[sdk=iphoneos*]" = "iPhone Developer";
				COPY_PHASE_STRIP = YES;
				ENABLE_NS_ASSERTIONS = NO;
				ENABLE_STRICT_OBJC_MSGSEND = YES;
				GCC_C_LANGUAGE_STANDARD = gnu99;
				GCC_WARN_64_TO_32_BIT_CONVERSION = YES;
				GCC_WARN_ABOUT_RETURN_TYPE = YES_ERROR;
				GCC_WARN_UNDECLARED_SELECTOR = YES;
				GCC_WARN_UNINITIALIZED_AUTOS = YES_AGGRESSIVE;
				GCC_WARN_UNUSED_FUNCTION = YES;
				GCC_WARN_UNUSED_VARIABLE = YES;
				IPHONEOS_DEPLOYMENT_TARGET = 8.1;
				MTL_ENABLE_DEBUG_INFO = NO;
				SDKROOT = iphoneos;
				VALIDATE_PRODUCT = YES;
			};
			name = Release;
		};
		742AB0E71AACFABB00C01ED9 /* Debug */ = {
			isa = XCBuildConfiguration;
			baseConfigurationReference = 84AFE31470956252BED70641 /* Pods.debug.xcconfig */;
			buildSettings = {
				ASSETCATALOG_COMPILER_APPICON_NAME = AppIcon;
				INFOPLIST_FILE = "MSSE652-iOSProject/Info.plist";
				LD_RUNPATH_SEARCH_PATHS = "$(inherited) @executable_path/Frameworks";
				PRODUCT_NAME = "$(TARGET_NAME)";
			};
			name = Debug;
		};
		742AB0E81AACFABB00C01ED9 /* Release */ = {
			isa = XCBuildConfiguration;
			baseConfigurationReference = 236F77DB720D3C00BCA0644F /* Pods.release.xcconfig */;
			buildSettings = {
				ASSETCATALOG_COMPILER_APPICON_NAME = AppIcon;
				INFOPLIST_FILE = "MSSE652-iOSProject/Info.plist";
				LD_RUNPATH_SEARCH_PATHS = "$(inherited) @executable_path/Frameworks";
				PRODUCT_NAME = "$(TARGET_NAME)";
			};
			name = Release;
		};
		742AB0EA1AACFABB00C01ED9 /* Debug */ = {
			isa = XCBuildConfiguration;
			buildSettings = {
				BUNDLE_LOADER = "$(TEST_HOST)";
				FRAMEWORK_SEARCH_PATHS = (
					"$(SDKROOT)/Developer/Library/Frameworks",
					"$(inherited)",
				);
				GCC_PREPROCESSOR_DEFINITIONS = (
					"DEBUG=1",
					"$(inherited)",
				);
				INFOPLIST_FILE = "MSSE652-iOSProjectTests/Info.plist";
				LD_RUNPATH_SEARCH_PATHS = "$(inherited) @executable_path/Frameworks @loader_path/Frameworks";
				PRODUCT_NAME = "$(TARGET_NAME)";
				TEST_HOST = "$(BUILT_PRODUCTS_DIR)/MSSE652-iOSProject.app/MSSE652-iOSProject";
			};
			name = Debug;
		};
		742AB0EB1AACFABB00C01ED9 /* Release */ = {
			isa = XCBuildConfiguration;
			buildSettings = {
				BUNDLE_LOADER = "$(TEST_HOST)";
				FRAMEWORK_SEARCH_PATHS = (
					"$(SDKROOT)/Developer/Library/Frameworks",
					"$(inherited)",
				);
				INFOPLIST_FILE = "MSSE652-iOSProjectTests/Info.plist";
				LD_RUNPATH_SEARCH_PATHS = "$(inherited) @executable_path/Frameworks @loader_path/Frameworks";
				PRODUCT_NAME = "$(TARGET_NAME)";
				TEST_HOST = "$(BUILT_PRODUCTS_DIR)/MSSE652-iOSProject.app/MSSE652-iOSProject";
			};
			name = Release;
		};
/* End XCBuildConfiguration section */

/* Begin XCConfigurationList section */
		742AB0BE1AACFABB00C01ED9 /* Build configuration list for PBXProject "MSSE652-iOSProject" */ = {
			isa = XCConfigurationList;
			buildConfigurations = (
				742AB0E41AACFABB00C01ED9 /* Debug */,
				742AB0E51AACFABB00C01ED9 /* Release */,
			);
			defaultConfigurationIsVisible = 0;
			defaultConfigurationName = Release;
		};
		742AB0E61AACFABB00C01ED9 /* Build configuration list for PBXNativeTarget "MSSE652-iOSProject" */ = {
			isa = XCConfigurationList;
			buildConfigurations = (
				742AB0E71AACFABB00C01ED9 /* Debug */,
				742AB0E81AACFABB00C01ED9 /* Release */,
			);
			defaultConfigurationIsVisible = 0;
			defaultConfigurationName = Release;
		};
		742AB0E91AACFABB00C01ED9 /* Build configuration list for PBXNativeTarget "MSSE652-iOSProjectTests" */ = {
			isa = XCConfigurationList;
			buildConfigurations = (
				742AB0EA1AACFABB00C01ED9 /* Debug */,
				742AB0EB1AACFABB00C01ED9 /* Release */,
			);
			defaultConfigurationIsVisible = 0;
			defaultConfigurationName = Release;
		};
/* End XCConfigurationList section */
	};
	rootObject = 742AB0BB1AACFABB00C01ED9 /* Project object */;
}
